
Microsoft Visual Studio Solution File, Format Version 12.00
# Visual Studio Version 17
VisualStudioVersion = 17.0.31903.59
MinimumVisualStudioVersion = 10.0.40219.1
Project("{FAE04EC0-301F-11D3-BF4B-00C04F79EFBC}") = "BaseProject", "BaseProject\BaseProject.csproj", "{3E881631-8B83-410C-B53B-7BCAC7F20045}"
EndProject
Project("{FAE04EC0-301F-11D3-BF4B-00C04F79EFBC}") = "BaseProject.Tests", "BaseProject.Tests\BaseProject.Tests.csproj", "{1D43F52B-96BE-4945-B3D5-49AB240C20DD}"
EndProject
Global
	GlobalSection(SolutionConfigurationPlatforms) = preSolution
		Debug|Any CPU = Debug|Any CPU
		Release|Any CPU = Release|Any CPU
	EndGlobalSection
	GlobalSection(SolutionProperties) = preSolution
		HideSolutionNode = FALSE
	EndGlobalSection
	GlobalSection(ProjectConfigurationPlatforms) = postSolution
		{3E881631-8B83-410C-B53B-7BCAC7F20045}.Debug|Any CPU.ActiveCfg = Debug|Any CPU
		{3E881631-8B83-410C-B53B-7BCAC7F20045}.Debug|Any CPU.Build.0 = Debug|Any CPU
		{3E881631-8B83-410C-B53B-7BCAC7F20045}.Release|Any CPU.ActiveCfg = Release|Any CPU
		{3E881631-8B83-410C-B53B-7BCAC7F20045}.Release|Any CPU.Build.0 = Release|Any CPU
		{1D43F52B-96BE-4945-B3D5-49AB240C20DD}.Debug|Any CPU.ActiveCfg = Debug|Any CPU
		{1D43F52B-96BE-4945-B3D5-49AB240C20DD}.Debug|Any CPU.Build.0 = Debug|Any CPU
		{1D43F52B-96BE-4945-B3D5-49AB240C20DD}.Release|Any CPU.ActiveCfg = Release|Any CPU
		{1D43F52B-96BE-4945-B3D5-49AB240C20DD}.Release|Any CPU.Build.0 = Release|Any CPU
	EndGlobalSection
EndGlobal
